
Microsoft Visual Studio Solution File, Format Version 12.00
# Visual Studio Version 16
VisualStudioVersion = 16.0.31105.61
MinimumVisualStudioVersion = 10.0.40219.1
Project("{FAE04EC0-301F-11D3-BF4B-00C04F79EFBC}") = "Database", "Database.csproj", "{C15D0BE9-698B-4E61-BCE2-E29AA9F8EB8A}"
EndProject
Global
	GlobalSection(SolutionConfigurationPlatforms) = preSolution
		Debug|Any CPU = Debug|Any CPU
		Release|Any CPU = Release|Any CPU
	EndGlobalSection
	GlobalSection(ProjectConfigurationPlatforms) = postSolution
		{C15D0BE9-698B-4E61-BCE2-E29AA9F8EB8A}.Debug|Any CPU.ActiveCfg = Debug|Any CPU
		{C15D0BE9-698B-4E61-BCE2-E29AA9F8EB8A}.Debug|Any CPU.Build.0 = Debug|Any CPU
		{C15D0BE9-698B-4E61-BCE2-E29AA9F8EB8A}.Release|Any CPU.ActiveCfg = Release|Any CPU
		{C15D0BE9-698B-4E61-BCE2-E29AA9F8EB8A}.Release|Any CPU.Build.0 = Release|Any CPU
	EndGlobalSection
	GlobalSection(SolutionProperties) = preSolution
		HideSolutionNode = FALSE
	EndGlobalSection
	GlobalSection(ExtensibilityGlobals) = postSolution
		SolutionGuid = {DD1F943C-2DCC-4B13-AF11-AC54534F5E90}
	EndGlobalSection
EndGlobal
