
Microsoft Visual Studio Solution File, Format Version 12.00
# Visual Studio Version 16
VisualStudioVersion = 16.0.31105.61
MinimumVisualStudioVersion = 10.0.40219.1
Project("{FAE04EC0-301F-11D3-BF4B-00C04F79EFBC}") = "PasswordManager", "PasswordManager.csproj", "{281C2F20-12A5-47A1-9EF0-1BF59233646E}"
EndProject
Global
	GlobalSection(SolutionConfigurationPlatforms) = preSolution
		Debug|Any CPU = Debug|Any CPU
		Release|Any CPU = Release|Any CPU
	EndGlobalSection
	GlobalSection(ProjectConfigurationPlatforms) = postSolution
		{281C2F20-12A5-47A1-9EF0-1BF59233646E}.Debug|Any CPU.ActiveCfg = Debug|Any CPU
		{281C2F20-12A5-47A1-9EF0-1BF59233646E}.Debug|Any CPU.Build.0 = Debug|Any CPU
		{281C2F20-12A5-47A1-9EF0-1BF59233646E}.Release|Any CPU.ActiveCfg = Release|Any CPU
		{281C2F20-12A5-47A1-9EF0-1BF59233646E}.Release|Any CPU.Build.0 = Release|Any CPU
	EndGlobalSection
	GlobalSection(SolutionProperties) = preSolution
		HideSolutionNode = FALSE
	EndGlobalSection
	GlobalSection(ExtensibilityGlobals) = postSolution
		SolutionGuid = {4E9E7167-FAED-4183-A608-FD115B597C1F}
	EndGlobalSection
EndGlobal
