
Microsoft Visual Studio Solution File, Format Version 12.00
# Visual Studio Version 16
VisualStudioVersion = 16.0.31105.61
MinimumVisualStudioVersion = 10.0.40219.1
Project("{FAE04EC0-301F-11D3-BF4B-00C04F79EFBC}") = "Lab10D", "Lab10D.csproj", "{73C1FAFA-089C-4D32-B384-01E38F2E302F}"
EndProject
Global
	GlobalSection(SolutionConfigurationPlatforms) = preSolution
		Debug|Any CPU = Debug|Any CPU
		Release|Any CPU = Release|Any CPU
	EndGlobalSection
	GlobalSection(ProjectConfigurationPlatforms) = postSolution
		{73C1FAFA-089C-4D32-B384-01E38F2E302F}.Debug|Any CPU.ActiveCfg = Debug|Any CPU
		{73C1FAFA-089C-4D32-B384-01E38F2E302F}.Debug|Any CPU.Build.0 = Debug|Any CPU
		{73C1FAFA-089C-4D32-B384-01E38F2E302F}.Release|Any CPU.ActiveCfg = Release|Any CPU
		{73C1FAFA-089C-4D32-B384-01E38F2E302F}.Release|Any CPU.Build.0 = Release|Any CPU
	EndGlobalSection
	GlobalSection(SolutionProperties) = preSolution
		HideSolutionNode = FALSE
	EndGlobalSection
	GlobalSection(ExtensibilityGlobals) = postSolution
		SolutionGuid = {F495BC94-989D-4C39-A666-88FFE291DF85}
	EndGlobalSection
EndGlobal
