
Microsoft Visual Studio Solution File, Format Version 12.00
# Visual Studio Version 16
VisualStudioVersion = 16.0.30621.155
MinimumVisualStudioVersion = 10.0.40219.1
Project("{8BC9CEB8-8B4A-11D0-8D11-00A0C91BC942}") = "Template1", "Template1.vcxproj", "{0789B17B-D4FF-4349-8BD3-67E22E6BDBD7}"
EndProject
Global
	GlobalSection(SolutionConfigurationPlatforms) = preSolution
		Debug|x64 = Debug|x64
		Debug|x86 = Debug|x86
		Release|x64 = Release|x64
		Release|x86 = Release|x86
	EndGlobalSection
	GlobalSection(ProjectConfigurationPlatforms) = postSolution
		{0789B17B-D4FF-4349-8BD3-67E22E6BDBD7}.Debug|x64.ActiveCfg = Debug|x64
		{0789B17B-D4FF-4349-8BD3-67E22E6BDBD7}.Debug|x64.Build.0 = Debug|x64
		{0789B17B-D4FF-4349-8BD3-67E22E6BDBD7}.Debug|x86.ActiveCfg = Debug|Win32
		{0789B17B-D4FF-4349-8BD3-67E22E6BDBD7}.Debug|x86.Build.0 = Debug|Win32
		{0789B17B-D4FF-4349-8BD3-67E22E6BDBD7}.Release|x64.ActiveCfg = Release|x64
		{0789B17B-D4FF-4349-8BD3-67E22E6BDBD7}.Release|x64.Build.0 = Release|x64
		{0789B17B-D4FF-4349-8BD3-67E22E6BDBD7}.Release|x86.ActiveCfg = Release|Win32
		{0789B17B-D4FF-4349-8BD3-67E22E6BDBD7}.Release|x86.Build.0 = Release|Win32
	EndGlobalSection
	GlobalSection(SolutionProperties) = preSolution
		HideSolutionNode = FALSE
	EndGlobalSection
	GlobalSection(ExtensibilityGlobals) = postSolution
		SolutionGuid = {D128A647-5E49-4889-A47B-8E7EB1C887BC}
	EndGlobalSection
EndGlobal
