
Microsoft Visual Studio Solution File, Format Version 12.00
# Visual Studio Version 16
VisualStudioVersion = 16.0.31105.61
MinimumVisualStudioVersion = 10.0.40219.1
Project("{FAE04EC0-301F-11D3-BF4B-00C04F79EFBC}") = "SnakeWithSFML", "SnakeWithSFML.csproj", "{1F93E9C8-88D1-44D6-A5D7-853C0BB94A4A}"
EndProject
Global
	GlobalSection(SolutionConfigurationPlatforms) = preSolution
		Debug|Any CPU = Debug|Any CPU
		Release|Any CPU = Release|Any CPU
	EndGlobalSection
	GlobalSection(ProjectConfigurationPlatforms) = postSolution
		{1F93E9C8-88D1-44D6-A5D7-853C0BB94A4A}.Debug|Any CPU.ActiveCfg = Debug|Any CPU
		{1F93E9C8-88D1-44D6-A5D7-853C0BB94A4A}.Debug|Any CPU.Build.0 = Debug|Any CPU
		{1F93E9C8-88D1-44D6-A5D7-853C0BB94A4A}.Release|Any CPU.ActiveCfg = Release|Any CPU
		{1F93E9C8-88D1-44D6-A5D7-853C0BB94A4A}.Release|Any CPU.Build.0 = Release|Any CPU
	EndGlobalSection
	GlobalSection(SolutionProperties) = preSolution
		HideSolutionNode = FALSE
	EndGlobalSection
	GlobalSection(ExtensibilityGlobals) = postSolution
		SolutionGuid = {33128F3B-84E0-48F2-A6FF-4BDC4EEED3B5}
	EndGlobalSection
EndGlobal
